
Microsoft Visual Studio Solution File, Format Version 12.00
Project("{FAE04EC0-301F-11D3-BF4B-00C04F79EFBC}") = "CrawlerApp", "CrawlerApp\CrawlerApp.csproj", "{004B0FCE-254C-48E9-9DF6-C7F611215F84}"
EndProject
Project("{FAE04EC0-301F-11D3-BF4B-00C04F79EFBC}") = "CrawlerLibrary", "CrawlerLibrary\CrawlerLibrary.csproj", "{83F32DA2-BEE2-46E8-9562-9F4812A57D58}"
EndProject
Global
	GlobalSection(SolutionConfigurationPlatforms) = preSolution
		Debug|Any CPU = Debug|Any CPU
		Release|Any CPU = Release|Any CPU
	EndGlobalSection
	GlobalSection(ProjectConfigurationPlatforms) = postSolution
		{004B0FCE-254C-48E9-9DF6-C7F611215F84}.Debug|Any CPU.ActiveCfg = Debug|Any CPU
		{004B0FCE-254C-48E9-9DF6-C7F611215F84}.Debug|Any CPU.Build.0 = Debug|Any CPU
		{004B0FCE-254C-48E9-9DF6-C7F611215F84}.Release|Any CPU.ActiveCfg = Release|Any CPU
		{004B0FCE-254C-48E9-9DF6-C7F611215F84}.Release|Any CPU.Build.0 = Release|Any CPU
		{83F32DA2-BEE2-46E8-9562-9F4812A57D58}.Debug|Any CPU.ActiveCfg = Debug|Any CPU
		{83F32DA2-BEE2-46E8-9562-9F4812A57D58}.Debug|Any CPU.Build.0 = Debug|Any CPU
		{83F32DA2-BEE2-46E8-9562-9F4812A57D58}.Release|Any CPU.ActiveCfg = Release|Any CPU
		{83F32DA2-BEE2-46E8-9562-9F4812A57D58}.Release|Any CPU.Build.0 = Release|Any CPU
	EndGlobalSection
EndGlobal
